github.com/GoogleCloudPlatform/confidential-space/server v0.0.0-20260520211152-99fb3b54bae9 h1:Fo1IX8+GWIsxknBkrdcuksVubtZU3fMfE/DNNJIPEQQ=
github.com/GoogleCloudPlatform/confidential-space/server v0.0.0-20260520211152-99fb3b54bae9/go.mod h1:s8F0JYEods/WL03WxZaGsWCnumZeeLD+WKHzspOV9u0=
github.com/google/go-cmp v0.7.0 h1:wk8382ETsv4JYUZwIsn6YpYiWiBsYLSJiTsyBybVuN8=
github.com/google/go-cmp v0.7.0/go.mod h1:pXiqmnSA92OHEEa9HXL2W4E7lf9JzCmGVUdgjX3N/iU=
github.com/google/go-eventlog v0.0.3-0.20260416001248-6807b85eecf0 h1:STyioPkz8nqMMIk3+YlyJ/WyEJZxho1YUZXu99uAbQ0=
github.com/google/go-eventlog v0.0.3-0.20260416001248-6807b85eecf0/go.mod h1:7huE5P8w2NTObSwSJjboHmB7ioBNblkijdzoVa2skfQ=
github.com/google/go-tpm v0.9.6 h1:Ku42PT4LmjDu1H5C5ISWLlpI1mj+Zq7sPGKoRw2XROA=
github.com/google/go-tpm v0.9.6/go.mod h1:h9jEsEECg7gtLis0upRBQU+GhYVH6jMjrFxI8u6bVUY=
github.com/google/go-tpm-tools v0.4.9-0.20260325175049-22911efba9e5 h1:WKRLDs3+G0hJjP+3EdjQwUpqTVZ0E33qZs1lTiN1I1o=
github.com/google/go-tpm-tools v0.4.9-0.20260325175049-22911efba9e5/go.mod h1:2rzQ27Y/YELRdpqlvs3QMwvkjjyoefJCbxeplmvibLs=
golang.org/x/sys v0.38.0 h1:3yZWxaJjBmCWXqhN1qh02AkOnCQ1poK6oF+a7xWL6Gc=
golang.org/x/sys v0.38.0/go.mod h1:OgkHotnGiDImocRcuBABYBEXf8A9a87e/uXjp9XT3ks=
google.golang.org/protobuf v1.36.11 h1:fV6ZwhNocDyBLK0dj+fg8ektcVegBBuEolpbTQyBNVE=
google.golang.org/protobuf v1.36.11/go.mod h1:HTf+CrKn2C3g5S8VImy6tdcUvCska2kB7j23XfzDpco=
